
Microsoft Visual Studio Solution File, Format Version 12.00
# Visual Studio 15
VisualStudioVersion = 15.0.28010.2046
MinimumVisualStudioVersion = 10.0.40219.1
Project("{FAE04EC0-301F-11D3-BF4B-00C04F79EFBC}") = "SalesWebMvc", "SalesWebMvc\SalesWebMvc.csproj", "{B80F7815-1498-4357-8CFC-D4F1727DB70C}"
EndProject
Global
	GlobalSection(SolutionConfigurationPlatforms) = preSolution
		Debug|Any CPU = Debug|Any CPU
		Release|Any CPU = Release|Any CPU
	EndGlobalSection
	GlobalSection(ProjectConfigurationPlatforms) = postSolution
		{B80F7815-1498-4357-8CFC-D4F1727DB70C}.Debug|Any CPU.ActiveCfg = Debug|Any CPU
		{B80F7815-1498-4357-8CFC-D4F1727DB70C}.Debug|Any CPU.Build.0 = Debug|Any CPU
		{B80F7815-1498-4357-8CFC-D4F1727DB70C}.Release|Any CPU.ActiveCfg = Release|Any CPU
		{B80F7815-1498-4357-8CFC-D4F1727DB70C}.Release|Any CPU.Build.0 = Release|Any CPU
	EndGlobalSection
	GlobalSection(SolutionProperties) = preSolution
		HideSolutionNode = FALSE
	EndGlobalSection
	GlobalSection(ExtensibilityGlobals) = postSolution
		SolutionGuid = {60423D7B-2C4F-4882-A599-7099D27BD444}
	EndGlobalSection
EndGlobal
